// !$*UTF8*$!
{
	archiveVersion = 1;
	classes = {
	};
	objectVersion = 50;
	objects = {

/* Begin PBXBuildFile section */
		9CE265BE2240BB3E00C408D5 /* AppDelegate.swift in Sources */ = {isa = PBXBuildFile; fileRef = 9CE265BD2240BB3E00C408D5 /* AppDelegate.swift */; };
		9CE265C02240BB3E00C408D5 /* PostsViewController.swift in Sources */ = {isa = PBXBuildFile; fileRef = 9CE265BF2240BB3E00C408D5 /* PostsViewController.swift */; };
		9CE265C32240BB3E00C408D5 /* Main.storyboard in Resources */ = {isa = PBXBuildFile; fileRef = 9CE265C12240BB3E00C408D5 /* Main.storyboard */; };
		9CE265C52240BB4000C408D5 /* Assets.xcassets in Resources */ = {isa = PBXBuildFile; fileRef = 9CE265C42240BB4000C408D5 /* Assets.xcassets */; };
		9CE265C82240BB4000C408D5 /* LaunchScreen.storyboard in Resources */ = {isa = PBXBuildFile; fileRef = 9CE265C62240BB4000C408D5 /* LaunchScreen.storyboard */; };
		9CE265D42240BE0A00C408D5 /* Post.swift in Sources */ = {isa = PBXBuildFile; fileRef = 9CE265D32240BE0A00C408D5 /* Post.swift */; };
		9CE265D62240C7F500C408D5 /* User.swift in Sources */ = {isa = PBXBuildFile; fileRef = 9CE265D52240C7F500C408D5 /* User.swift */; };
/* End PBXBuildFile section */

/* Begin PBXFileReference section */
		9CE265BA2240BB3E00C408D5 /* TableViewTest.app */ = {isa = PBXFileReference; explicitFileType = wrapper.application; includeInIndex = 0; path = TableViewTest.app; sourceTree = BUILT_PRODUCTS_DIR; };
		9CE265BD2240BB3E00C408D5 /* AppDelegate.swift */ = {isa = PBXFileReference; lastKnownFileType = sourcecode.swift; path = AppDelegate.swift; sourceTree = "<group>"; };
		9CE265BF2240BB3E00C408D5 /* PostsViewController.swift */ = {isa = PBXFileReference; lastKnownFileType = sourcecode.swift; path = PostsViewController.swift; sourceTree = "<group>"; };
		9CE265C22240BB3E00C408D5 /* Base */ = {isa = PBXFileReference; lastKnownFileType = file.storyboard; name = Base; path = Base.lproj/Main.storyboard; sourceTree = "<group>"; };
		9CE265C42240BB4000C408D5 /* Assets.xcassets */ = {isa = PBXFileReference; lastKnownFileType = folder.assetcatalog; path = Assets.xcassets; sourceTree = "<group>"; };
		9CE265C72240BB4000C408D5 /* Base */ = {isa = PBXFileReference; lastKnownFileType = file.storyboard; name = Base; path = Base.lproj/LaunchScreen.storyboard; sourceTree = "<group>"; };
		9CE265C92240BB4000C408D5 /* Info.plist */ = {isa = PBXFileReference; lastKnownFileType = text.plist.xml; path = Info.plist; sourceTree = "<group>"; };
		9CE265D32240BE0A00C408D5 /* Post.swift */ = {isa = PBXFileReference; lastKnownFileType = sourcecode.swift; path = Post.swift; sourceTree = "<group>"; };
		9CE265D52240C7F500C408D5 /* User.swift */ = {isa = PBXFileReference; lastKnownFileType = sourcecode.swift; path = User.swift; sourceTree = "<group>"; };
/* End PBXFileReference section */

/* Begin PBXFrameworksBuildPhase section */
		9CE265B72240BB3E00C408D5 /* Frameworks */ = {
			isa = PBXFrameworksBuildPhase;
			buildActionMask = 2147483647;
			files = (
			);
			runOnlyForDeploymentPostprocessing = 0;
		};
/* End PBXFrameworksBuildPhase section */

/* Begin PBXGroup section */
		9CE265B12240BB3E00C408D5 = {
			isa = PBXGroup;
			children = (
				9CE265BC2240BB3E00C408D5 /* TableViewTest */,
				9CE265BB2240BB3E00C408D5 /* Products */,
			);
			sourceTree = "<group>";
		};
		9CE265BB2240BB3E00C408D5 /* Products */ = {
			isa = PBXGroup;
			children = (
				9CE265BA2240BB3E00C408D5 /* TableViewTest.app */,
			);
			name = Products;
			sourceTree = "<group>";
		};
		9CE265BC2240BB3E00C408D5 /* TableViewTest */ = {
			isa = PBXGroup;
			children = (
				9CE265D22240BB7100C408D5 /* ViewModels */,
				9CE265D12240BB6A00C408D5 /* Views */,
				9CE265D02240BB5B00C408D5 /* Models */,
				9CE265CF2240BB4D00C408D5 /* ViewControllers */,
				9CE265C12240BB3E00C408D5 /* Main.storyboard */,
				9CE265BD2240BB3E00C408D5 /* AppDelegate.swift */,
				9CE265C42240BB4000C408D5 /* Assets.xcassets */,
				9CE265C62240BB4000C408D5 /* LaunchScreen.storyboard */,
				9CE265C92240BB4000C408D5 /* Info.plist */,
			);
			path = TableViewTest;
			sourceTree = "<group>";
		};
		9CE265CF2240BB4D00C408D5 /* ViewControllers */ = {
			isa = PBXGroup;
			children = (
				9CE265BF2240BB3E00C408D5 /* PostsViewController.swift */,
			);
			path = ViewControllers;
			sourceTree = "<group>";
		};
		9CE265D02240BB5B00C408D5 /* Models */ = {
			isa = PBXGroup;
			children = (
				9CE265D32240BE0A00C408D5 /* Post.swift */,
				9CE265D52240C7F500C408D5 /* User.swift */,
			);
			path = Models;
			sourceTree = "<group>";
		};
		9CE265D12240BB6A00C408D5 /* Views */ = {
			isa = PBXGroup;
			children = (
			);
			path = Views;
			sourceTree = "<group>";
		};
		9CE265D22240BB7100C408D5 /* ViewModels */ = {
			isa = PBXGroup;
			children = (
			);
			path = ViewModels;
			sourceTree = "<group>";
		};
/* End PBXGroup section */

/* Begin PBXNativeTarget section */
		9CE265B92240BB3E00C408D5 /* TableViewTest */ = {
			isa = PBXNativeTarget;
			buildConfigurationList = 9CE265CC2240BB4000C408D5 /* Build configuration list for PBXNativeTarget "TableViewTest" */;
			buildPhases = (
				9CE265B62240BB3E00C408D5 /* Sources */,
				9CE265B72240BB3E00C408D5 /* Frameworks */,
				9CE265B82240BB3E00C408D5 /* Resources */,
			);
			buildRules = (
			);
			dependencies = (
			);
			name = TableViewTest;
			productName = TableViewTest;
			productReference = 9CE265BA2240BB3E00C408D5 /* TableViewTest.app */;
			productType = "com.apple.product-type.application";
		};
/* End PBXNativeTarget section */

/* Begin PBXProject section */
		9CE265B22240BB3E00C408D5 /* Project object */ = {
			isa = PBXProject;
			attributes = {
				LastSwiftUpdateCheck = 1010;
				LastUpgradeCheck = 1010;
				ORGANIZATIONNAME = sargismk;
				TargetAttributes = {
					9CE265B92240BB3E00C408D5 = {
						CreatedOnToolsVersion = 10.1;
					};
				};
			};
			buildConfigurationList = 9CE265B52240BB3E00C408D5 /* Build configuration list for PBXProject "TableViewTest" */;
			compatibilityVersion = "Xcode 9.3";
			developmentRegion = en;
			hasScannedForEncodings = 0;
			knownRegions = (
				en,
				Base,
			);
			mainGroup = 9CE265B12240BB3E00C408D5;
			productRefGroup = 9CE265BB2240BB3E00C408D5 /* Products */;
			projectDirPath = "";
			projectRoot = "";
			targets = (
				9CE265B92240BB3E00C408D5 /* TableViewTest */,
			);
		};
/* End PBXProject section */

/* Begin PBXResourcesBuildPhase section */
		9CE265B82240BB3E00C408D5 /* Resources */ = {
			isa = PBXResourcesBuildPhase;
			buildActionMask = 2147483647;
			files = (
				9CE265C82240BB4000C408D5 /* LaunchScreen.storyboard in Resources */,
				9CE265C52240BB4000C408D5 /* Assets.xcassets in Resources */,
				9CE265C32240BB3E00C408D5 /* Main.storyboard in Resources */,
			);
			runOnlyForDeploymentPostprocessing = 0;
		};
/* End PBXResourcesBuildPhase section */

/* Begin PBXSourcesBuildPhase section */
		9CE265B62240BB3E00C408D5 /* Sources */ = {
			isa = PBXSourcesBuildPhase;
			buildActionMask = 2147483647;
			files = (
				9CE265D62240C7F500C408D5 /* User.swift in Sources */,
				9CE265D42240BE0A00C408D5 /* Post.swift in Sources */,
				9CE265C02240BB3E00C408D5 /* PostsViewController.swift in Sources */,
				9CE265BE2240BB3E00C408D5 /* AppDelegate.swift in Sources */,
			);
			runOnlyForDeploymentPostprocessing = 0;
		};
/* End PBXSourcesBuildPhase section */

/* Begin PBXVariantGroup section */
		9CE265C12240BB3E00C408D5 /* Main.storyboard */ = {
			isa = PBXVariantGroup;
			children = (
				9CE265C22240BB3E00C408D5 /* Base */,
			);
			name = Main.storyboard;
			sourceTree = "<group>";
		};
		9CE265C62240BB4000C408D5 /* LaunchScreen.storyboard */ = {
			isa = PBXVariantGroup;
			children = (
				9CE265C72240BB4000C408D5 /* Base */,
			);
			name = LaunchScreen.storyboard;
			sourceTree = "<group>";
		};
/* End PBXVariantGroup section */

/* Begin XCBuildConfiguration section */
		9CE265CA2240BB4000C408D5 /* Debug */ = {
			isa = XCBuildConfiguration;
			buildSettings = {
				ALWAYS_SEARCH_USER_PATHS = NO;
				CLANG_ANALYZER_NONNULL = YES;
				CLANG_ANALYZER_NUMBER_OBJECT_CONVERSION = YES_AGGRESSIVE;
				CLANG_CXX_LANGUAGE_STANDARD = "gnu++14";
				CLANG_CXX_LIBRARY = "libc++";
				CLANG_ENABLE_MODULES = YES;
				CLANG_ENABLE_OBJC_ARC = YES;
				CLANG_ENABLE_OBJC_WEAK = YES;
				CLANG_WARN_BLOCK_CAPTURE_AUTORELEASING = YES;
				CLANG_WARN_BOOL_CONVERSION = YES;
				CLANG_WARN_COMMA = YES;
				CLANG_WARN_CONSTANT_CONVERSION = YES;
				CLANG_WARN_DEPRECATED_OBJC_IMPLEMENTATIONS = YES;
				CLANG_WARN_DIRECT_OBJC_ISA_USAGE = YES_ERROR;
				CLANG_WARN_DOCUMENTATION_COMMENTS = YES;
				CLANG_WARN_EMPTY_BODY = YES;
				CLANG_WARN_ENUM_CONVERSION = YES;
				CLANG_WARN_INFINITE_RECURSION = YES;
				CLANG_WARN_INT_CONVERSION = YES;
				CLANG_WARN_NON_LITERAL_NULL_CONVERSION = YES;
				CLANG_WARN_OBJC_IMPLICIT_RETAIN_SELF = YES;
				CLANG_WARN_OBJC_LITERAL_CONVERSION = YES;
				CLANG_WARN_OBJC_ROOT_CLASS = YES_ERROR;
				CLANG_WARN_RANGE_LOOP_ANALYSIS = YES;
				CLANG_WARN_STRICT_PROTOTYPES = YES;
				CLANG_WARN_SUSPICIOUS_MOVE = YES;
				CLANG_WARN_UNGUARDED_AVAILABILITY = YES_AGGRESSIVE;
				CLANG_WARN_UNREACHABLE_CODE = YES;
				CLANG_WARN__DUPLICATE_METHOD_MATCH = YES;
				CODE_SIGN_IDENTITY = "iPhone Developer";
				COPY_PHASE_STRIP = NO;
				DEBUG_INFORMATION_FORMAT = dwarf;
				ENABLE_STRICT_OBJC_MSGSEND = YES;
				ENABLE_TESTABILITY = YES;
				GCC_C_LANGUAGE_STANDARD = gnu11;
				GCC_DYNAMIC_NO_PIC = NO;
				GCC_NO_COMMON_BLOCKS = YES;
				GCC_OPTIMIZATION_LEVEL = 0;
				GCC_PREPROCESSOR_DEFINITIONS = (
					"DEBUG=1",
					"$(inherited)",
				);
				GCC_WARN_64_TO_32_BIT_CONVERSION = YES;
				GCC_WARN_ABOUT_RETURN_TYPE = YES_ERROR;
				GCC_WARN_UNDECLARED_SELECTOR = YES;
				GCC_WARN_UNINITIALIZED_AUTOS = YES_AGGRESSIVE;
				GCC_WARN_UNUSED_FUNCTION = YES;
				GCC_WARN_UNUSED_VARIABLE = YES;
				IPHONEOS_DEPLOYMENT_TARGET = 12.1;
				MTL_ENABLE_DEBUG_INFO = INCLUDE_SOURCE;
				MTL_FAST_MATH = YES;
				ONLY_ACTIVE_ARCH = YES;
				SDKROOT = iphoneos;
				SWIFT_ACTIVE_COMPILATION_CONDITIONS = DEBUG;
				SWIFT_OPTIMIZATION_LEVEL = "-Onone";
			};
			name = Debug;
		};
		9CE265CB2240BB4000C408D5 /* Release */ = {
			isa = XCBuildConfiguration;
			buildSettings = {
				ALWAYS_SEARCH_USER_PATHS = NO;
				CLANG_ANALYZER_NONNULL = YES;
				CLANG_ANALYZER_NUMBER_OBJECT_CONVERSION = YES_AGGRESSIVE;
				CLANG_CXX_LANGUAGE_STANDARD = "gnu++14";
				CLANG_CXX_LIBRARY = "libc++";
				CLANG_ENABLE_MODULES = YES;
				CLANG_ENABLE_OBJC_ARC = YES;
				CLANG_ENABLE_OBJC_WEAK = YES;
				CLANG_WARN_BLOCK_CAPTURE_AUTORELEASING = YES;
				CLANG_WARN_BOOL_CONVERSION = YES;
				CLANG_WARN_COMMA = YES;
				CLANG_WARN_CONSTANT_CONVERSION = YES;
				CLANG_WARN_DEPRECATED_OBJC_IMPLEMENTATIONS = YES;
				CLANG_WARN_DIRECT_OBJC_ISA_USAGE = YES_ERROR;
				CLANG_WARN_DOCUMENTATION_COMMENTS = YES;
				CLANG_WARN_EMPTY_BODY = YES;
				CLANG_WARN_ENUM_CONVERSION = YES;
				CLANG_WARN_INFINITE_RECURSION = YES;
				CLANG_WARN_INT_CONVERSION = YES;
				CLANG_WARN_NON_LITERAL_NULL_CONVERSION = YES;
				CLANG_WARN_OBJC_IMPLICIT_RETAIN_SELF = YES;
				CLANG_WARN_OBJC_LITERAL_CONVERSION = YES;
				CLANG_WARN_OBJC_ROOT_CLASS = YES_ERROR;
				CLANG_WARN_RANGE_LOOP_ANALYSIS = YES;
				CLANG_WARN_STRICT_PROTOTYPES = YES;
				CLANG_WARN_SUSPICIOUS_MOVE = YES;
				CLANG_WARN_UNGUARDED_AVAILABILITY = YES_AGGRESSIVE;
				CLANG_WARN_UNREACHABLE_CODE = YES;
				CLANG_WARN__DUPLICATE_METHOD_MATCH = YES;
				CODE_SIGN_IDENTITY = "iPhone Developer";
				COPY_PHASE_STRIP = NO;
				DEBUG_INFORMATION_FORMAT = "dwarf-with-dsym";
				ENABLE_NS_ASSERTIONS = NO;
				ENABLE_STRICT_OBJC_MSGSEND = YES;
				GCC_C_LANGUAGE_STANDARD = gnu11;
				GCC_NO_COMMON_BLOCKS = YES;
				GCC_WARN_64_TO_32_BIT_CONVERSION = YES;
				GCC_WARN_ABOUT_RETURN_TYPE = YES_ERROR;
				GCC_WARN_UNDECLARED_SELECTOR = YES;
				GCC_WARN_UNINITIALIZED_AUTOS = YES_AGGRESSIVE;
				GCC_WARN_UNUSED_FUNCTION = YES;
				GCC_WARN_UNUSED_VARIABLE = YES;
				IPHONEOS_DEPLOYMENT_TARGET = 12.1;
				MTL_ENABLE_DEBUG_INFO = NO;
				MTL_FAST_MATH = YES;
				SDKROOT = iphoneos;
				SWIFT_COMPILATION_MODE = wholemodule;
				SWIFT_OPTIMIZATION_LEVEL = "-O";
				VALIDATE_PRODUCT = YES;
			};
			name = Release;
		};
		9CE265CD2240BB4000C408D5 /* Debug */ = {
			isa = XCBuildConfiguration;
			buildSettings = {
				ASSETCATALOG_COMPILER_APPICON_NAME = AppIcon;
				CODE_SIGN_STYLE = Automatic;
				DEVELOPMENT_TEAM = YZRGPNYSUR;
				INFOPLIST_FILE = TableViewTest/Info.plist;
				LD_RUNPATH_SEARCH_PATHS = (
					"$(inherited)",
					"@executable_path/Frameworks",
				);
				PRODUCT_BUNDLE_IDENTIFIER = com.sargismk.TableViewTest;
				PRODUCT_NAME = "$(TARGET_NAME)";
				SWIFT_VERSION = 4.2;
				TARGETED_DEVICE_FAMILY = "1,2";
			};
			name = Debug;
		};
		9CE265CE2240BB4000C408D5 /* Release */ = {
			isa = XCBuildConfiguration;
			buildSettings = {
				ASSETCATALOG_COMPILER_APPICON_NAME = AppIcon;
				CODE_SIGN_STYLE = Automatic;
				DEVELOPMENT_TEAM = YZRGPNYSUR;
				INFOPLIST_FILE = TableViewTest/Info.plist;
				LD_RUNPATH_SEARCH_PATHS = (
					"$(inherited)",
					"@executable_path/Frameworks",
				);
				PRODUCT_BUNDLE_IDENTIFIER = com.sargismk.TableViewTest;
				PRODUCT_NAME = "$(TARGET_NAME)";
				SWIFT_VERSION = 4.2;
				TARGETED_DEVICE_FAMILY = "1,2";
			};
			name = Release;
		};
/* End XCBuildConfiguration section */

/* Begin XCConfigurationList section */
		9CE265B52240BB3E00C408D5 /* Build configuration list for PBXProject "TableViewTest" */ = {
			isa = XCConfigurationList;
			buildConfigurations = (
				9CE265CA2240BB4000C408D5 /* Debug */,
				9CE265CB2240BB4000C408D5 /* Release */,
			);
			defaultConfigurationIsVisible = 0;
			defaultConfigurationName = Release;
		};
		9CE265CC2240BB4000C408D5 /* Build configuration list for PBXNativeTarget "TableViewTest" */ = {
			isa = XCConfigurationList;
			buildConfigurations = (
				9CE265CD2240BB4000C408D5 /* Debug */,
				9CE265CE2240BB4000C408D5 /* Release */,
			);
			defaultConfigurationIsVisible = 0;
			defaultConfigurationName = Release;
		};
/* End XCConfigurationList section */
	};
	rootObject = 9CE265B22240BB3E00C408D5 /* Project object */;
}
